<?xml version="1.0" encoding="utf-8"?>
<Project ToolsVersion="4.0" xmlns="http://schemas.microsoft.com/developer/msbuild/2003">
  <ItemGroup>
    <ClCompile Include="Exceptions.cpp">
      <Filter>Source</Filter>
    </ClCompile>
    <ClCompile Include="Exports.cpp">
      <Filter>Source</Filter>
    </ClCompile>
    <ClCompile Include="RdRxPort.cpp">
      <Filter>Source</Filter>
    </ClCompile>
    <ClCompile Include="SipAgent.cpp">
      <Filter>Source</Filter>
    </ClCompile>
    <ClCompile Include="SipCall.cpp">
      <Filter>Source</Filter>
    </ClCompile>
    <ClCompile Include="SoundPort.cpp">
      <Filter>Source</Filter>
    </ClCompile>
    <ClCompile Include="SoundRxPort.cpp">
      <Filter>Source</Filter>
    </ClCompile>
    <ClCompile Include="WavPlayer.cpp">
      <Filter>Source</Filter>
    </ClCompile>
    <ClCompile Include="WavRecorder.cpp">
      <Filter>Source</Filter>
    </ClCompile>
    <ClCompile Include="wg67subscription.cpp">
      <Filter>Source</Filter>
    </ClCompile>
    <ClCompile Include="WavPlayerToRemote.cpp">
      <Filter>Source</Filter>
    </ClCompile>
    <ClCompile Include="RecordPort.cpp">
      <Filter>Source</Filter>
    </ClCompile>
    <ClCompile Include="FrecDesp.cpp">
      <Filter>Source</Filter>
    </ClCompile>
    <ClCompile Include="PresenceManag.cpp">
      <Filter>Source</Filter>
    </ClCompile>
    <ClCompile Include="PresSubs.cpp">
      <Filter>Source</Filter>
    </ClCompile>
    <ClCompile Include="..\DspCode\DSPF_sp_fftSPxSP.c">
      <Filter>DspCode</Filter>
    </ClCompile>
    <ClCompile Include="..\DspCode\DSPF_sp_fftSPxSP_cn.c">
      <Filter>DspCode</Filter>
    </ClCompile>
    <ClCompile Include="..\DspCode\DSPF_sp_ifftSPxSP_cn.c">
      <Filter>DspCode</Filter>
    </ClCompile>
    <ClCompile Include="..\DspCode\fft.c">
      <Filter>DspCode</Filter>
    </ClCompile>
    <ClCompile Include="..\DspCode\processor.c">
      <Filter>DspCode</Filter>
    </ClCompile>
    <ClCompile Include="..\DspCode\IIR_FILT.C">
      <Filter>DspCode</Filter>
    </ClCompile>
    <ClCompile Include="ConfSubs.cpp">
      <Filter>Source</Filter>
    </ClCompile>
    <ClCompile Include="ExtraParamAccId.cpp">
      <Filter>Source</Filter>
    </ClCompile>
    <ClCompile Include="DlgSubs.cpp">
      <Filter>Source</Filter>
    </ClCompile>
    <ClCompile Include="dlgsub.c">
      <Filter>Source</Filter>
    </ClCompile>
  </ItemGroup>
  <ItemGroup>
    <ClInclude Include="CoreSip.h">
      <Filter>Include</Filter>
    </ClInclude>
    <ClInclude Include="Exceptions.h">
      <Filter>Include</Filter>
    </ClInclude>
    <ClInclude Include="Global.h">
      <Filter>Include</Filter>
    </ClInclude>
    <ClInclude Include="Guard.h">
      <Filter>Include</Filter>
    </ClInclude>
    <ClInclude Include="RdRxPort.h">
      <Filter>Include</Filter>
    </ClInclude>
    <ClInclude Include="SipAgent.h">
      <Filter>Include</Filter>
    </ClInclude>
    <ClInclude Include="SipCall.h">
      <Filter>Include</Filter>
    </ClInclude>
    <ClInclude Include="SoundPort.h">
      <Filter>Include</Filter>
    </ClInclude>
    <ClInclude Include="SoundRxPort.h">
      <Filter>Include</Filter>
    </ClInclude>
    <ClInclude Include="WavPlayer.h">
      <Filter>Include</Filter>
    </ClInclude>
    <ClInclude Include="WavRecorder.h">
      <Filter>Include</Filter>
    </ClInclude>
    <ClInclude Include="wg67subscription.h">
      <Filter>Include</Filter>
    </ClInclude>
    <ClInclude Include="WavPlayerToRemote.h">
      <Filter>Include</Filter>
    </ClInclude>
    <ClInclude Include="RecordPort.h">
      <Filter>Include</Filter>
    </ClInclude>
    <ClInclude Include="PresenceManag.h">
      <Filter>Include</Filter>
    </ClInclude>
    <ClInclude Include="PresSubs.h">
      <Filter>Include</Filter>
    </ClInclude>
    <ClInclude Include="FrecDesp.h">
      <Filter>Include</Filter>
    </ClInclude>
    <ClInclude Include="..\DspCode\complexnums.h">
      <Filter>DspCode</Filter>
    </ClInclude>
    <ClInclude Include="..\DspCode\dsp_windows.h">
      <Filter>DspCode</Filter>
    </ClInclude>
    <ClInclude Include="..\DspCode\DSPF_sp_fftSPxSP.h">
      <Filter>DspCode</Filter>
    </ClInclude>
    <ClInclude Include="..\DspCode\DSPF_sp_fftSPxSP_cn.h">
      <Filter>DspCode</Filter>
    </ClInclude>
    <ClInclude Include="..\DspCode\DSPF_sp_ifftSPxSP_cn.h">
      <Filter>DspCode</Filter>
    </ClInclude>
    <ClInclude Include="..\DspCode\fft.h">
      <Filter>DspCode</Filter>
    </ClInclude>
    <ClInclude Include="..\DspCode\processor.h">
      <Filter>DspCode</Filter>
    </ClInclude>
    <ClInclude Include="ConfSubs.h">
      <Filter>Include</Filter>
    </ClInclude>
    <ClInclude Include="ExtraParamAccId.h">
      <Filter>Include</Filter>
    </ClInclude>
    <ClInclude Include="DlgSubs.h">
      <Filter>Include</Filter>
    </ClInclude>
    <ClInclude Include="SubsManager.h">
      <Filter>Include</Filter>
    </ClInclude>
    <ClInclude Include="dlgsub.h">
      <Filter>Include</Filter>
    </ClInclude>
  </ItemGroup>
  <ItemGroup>
    <None Include="ReadMe.txt" />
  </ItemGroup>
  <ItemGroup>
    <Filter Include="Source">
      <UniqueIdentifier>{6fca187a-4d11-4606-9f12-4656f33de58b}</UniqueIdentifier>
      <Extensions>*.c*</Extensions>
    </Filter>
    <Filter Include="Include">
      <UniqueIdentifier>{bcdc6566-0bfe-4a7b-b037-b98056de9101}</UniqueIdentifier>
    </Filter>
    <Filter Include="DspCode">
      <UniqueIdentifier>{5903e2c4-da1b-4d90-a265-529b412a20c5}</UniqueIdentifier>
    </Filter>
  </ItemGroup>
</Project>